
Microsoft Visual Studio Solution File, Format Version 12.00
# Visual Studio 15
VisualStudioVersion = 15.0.28307.539
MinimumVisualStudioVersion = 10.0.40219.1
Project("{FAE04EC0-301F-11D3-BF4B-00C04F79EFBC}") = "AzureServiceCatalog.Web", "AzureServiceCatalog.Web\AzureServiceCatalog.Web.csproj", "{093D320C-6ED3-4E78-81FD-AB3F4D4D4B28}"
	ProjectSection(ProjectDependencies) = postProject
		{AA3987AF-B57E-4092-A105-20C74DE63467} = {AA3987AF-B57E-4092-A105-20C74DE63467}
		{891242EC-33E8-4F2B-821B-7EC3869B432E} = {891242EC-33E8-4F2B-821B-7EC3869B432E}
	EndProjectSection
EndProject
Project("{2150E333-8FDC-42A3-9474-1A3956D46DE8}") = "Solution Items", "Solution Items", "{52FB0CE3-5038-4C4E-939E-F00C6221E9C8}"
	ProjectSection(SolutionItems) = preProject
		.gitattributes = .gitattributes
		.gitignore = .gitignore
		readme.md = readme.md
		SolutionAnalysis.ruleset = SolutionAnalysis.ruleset
	EndProjectSection
EndProject
Project("{FAE04EC0-301F-11D3-BF4B-00C04F79EFBC}") = "AzureServiceCatalog.Models", "AzureServiceCatalog.Models\AzureServiceCatalog.Models.csproj", "{AA3987AF-B57E-4092-A105-20C74DE63467}"
EndProject
Project("{FAE04EC0-301F-11D3-BF4B-00C04F79EFBC}") = "AzureServiceCatalog.Helpers", "AzureServiceCatalog.Helpers\AzureServiceCatalog.Helpers.csproj", "{891242EC-33E8-4F2B-821B-7EC3869B432E}"
	ProjectSection(ProjectDependencies) = postProject
		{AA3987AF-B57E-4092-A105-20C74DE63467} = {AA3987AF-B57E-4092-A105-20C74DE63467}
	EndProjectSection
EndProject
Global
	GlobalSection(SolutionConfigurationPlatforms) = preSolution
		AzureGov|Any CPU = AzureGov|Any CPU
		Debug|Any CPU = Debug|Any CPU
		Release|Any CPU = Release|Any CPU
	EndGlobalSection
	GlobalSection(ProjectConfigurationPlatforms) = postSolution
		{093D320C-6ED3-4E78-81FD-AB3F4D4D4B28}.AzureGov|Any CPU.ActiveCfg = AzureGov|Any CPU
		{093D320C-6ED3-4E78-81FD-AB3F4D4D4B28}.AzureGov|Any CPU.Build.0 = AzureGov|Any CPU
		{093D320C-6ED3-4E78-81FD-AB3F4D4D4B28}.Debug|Any CPU.ActiveCfg = Debug|Any CPU
		{093D320C-6ED3-4E78-81FD-AB3F4D4D4B28}.Debug|Any CPU.Build.0 = Debug|Any CPU
		{093D320C-6ED3-4E78-81FD-AB3F4D4D4B28}.Release|Any CPU.ActiveCfg = Release|Any CPU
		{093D320C-6ED3-4E78-81FD-AB3F4D4D4B28}.Release|Any CPU.Build.0 = Release|Any CPU
		{AA3987AF-B57E-4092-A105-20C74DE63467}.AzureGov|Any CPU.ActiveCfg = Release|Any CPU
		{AA3987AF-B57E-4092-A105-20C74DE63467}.AzureGov|Any CPU.Build.0 = Release|Any CPU
		{AA3987AF-B57E-4092-A105-20C74DE63467}.Debug|Any CPU.ActiveCfg = Debug|Any CPU
		{AA3987AF-B57E-4092-A105-20C74DE63467}.Debug|Any CPU.Build.0 = Debug|Any CPU
		{AA3987AF-B57E-4092-A105-20C74DE63467}.Release|Any CPU.ActiveCfg = Release|Any CPU
		{AA3987AF-B57E-4092-A105-20C74DE63467}.Release|Any CPU.Build.0 = Release|Any CPU
		{891242EC-33E8-4F2B-821B-7EC3869B432E}.AzureGov|Any CPU.ActiveCfg = Release|Any CPU
		{891242EC-33E8-4F2B-821B-7EC3869B432E}.AzureGov|Any CPU.Build.0 = Release|Any CPU
		{891242EC-33E8-4F2B-821B-7EC3869B432E}.Debug|Any CPU.ActiveCfg = Debug|Any CPU
		{891242EC-33E8-4F2B-821B-7EC3869B432E}.Debug|Any CPU.Build.0 = Debug|Any CPU
		{891242EC-33E8-4F2B-821B-7EC3869B432E}.Release|Any CPU.ActiveCfg = Release|Any CPU
		{891242EC-33E8-4F2B-821B-7EC3869B432E}.Release|Any CPU.Build.0 = Release|Any CPU
	EndGlobalSection
	GlobalSection(SolutionProperties) = preSolution
		HideSolutionNode = FALSE
	EndGlobalSection
	GlobalSection(ExtensibilityGlobals) = postSolution
		SolutionGuid = {C95E930D-1C61-4018-88AB-87DBDE2EC54A}
	EndGlobalSection
EndGlobal
